PODS:
  - APExtensions (4.5.0):
    - APExtensions/Abstractions (= 4.5.0)
    - APExtensions/Core (= 4.5.0)
    - APExtensions/Storyboard (= 4.5.0)
    - APExtensions/ViewConfiguration (= 4.5.0)
    - APExtensions/ViewState (= 4.5.0)
  - APExtensions/Abstractions (4.5.0)
  - APExtensions/Core (4.5.0)
  - APExtensions/Storyboard (4.5.0)
  - APExtensions/ViewConfiguration (4.5.0)
  - APExtensions/ViewState (4.5.0)
  - FBSnapshotTestCase (2.1.4):
    - FBSnapshotTestCase/SwiftSupport (= 2.1.4)
  - FBSnapshotTestCase/Core (2.1.4)
  - FBSnapshotTestCase/SwiftSupport (2.1.4):
    - FBSnapshotTestCase/Core
  - KeyboardAvoidingView (2.2.5):
    - APExtensions/ViewState (>= 4.5.0)
  - Nimble (7.0.3)
  - Nimble-Snapshots (6.3.0):
    - Nimble-Snapshots/Core (= 6.3.0)
  - Nimble-Snapshots/Core (6.3.0):
    - FBSnapshotTestCase (~> 2.0)
    - Nimble (~> 7.0)
  - Quick (1.2.0)

DEPENDENCIES:
  - APExtensions (from `https://github.com/APUtils/APExtensions`)
  - FBSnapshotTestCase
  - KeyboardAvoidingView (from `../`)
  - Nimble
  - Nimble-Snapshots
  - Quick

SPEC REPOS:
  https://github.com/cocoapods/specs.git:
    - FBSnapshotTestCase
    - Nimble
    - Nimble-Snapshots
    - Quick

EXTERNAL SOURCES:
  APExtensions:
    :git: https://github.com/APUtils/APExtensions
  KeyboardAvoidingView:
    :path: "../"

CHECKOUT OPTIONS:
  APExtensions:
    :commit: a010accd8d30be136822785fc1bc47467910375e
    :git: https://github.com/APUtils/APExtensions

SPEC CHECKSUMS:
  APExtensions: fb4a458bdd8230f9c2c0c95927397a634e179872
  FBSnapshotTestCase: 094f9f314decbabe373b87cc339bea235a63e07a
  KeyboardAvoidingView: 7963640b22716e963e8ca8f3129786b2801b4f36
  Nimble: 7f5a9c447a33002645a071bddafbfb24ea70e0ac
  Nimble-Snapshots: f5459b5b091678dc942d03ec4741cacb58ba4a52
  Quick: 58d203b1c5e27fff7229c4c1ae445ad7069a7a08

PODFILE CHECKSUM: 42fd28208f722f7f1e4177ba6b1efb7b8582e35e

COCOAPODS: 1.5.3
