PODS:
  - APExtensions (4.4.2):
    - APExtensions/Abstractions (= 4.4.2)
    - APExtensions/Core (= 4.4.2)
    - APExtensions/Storyboard (= 4.4.2)
    - APExtensions/ViewConfiguration (= 4.4.2)
    - APExtensions/ViewState (= 4.4.2)
  - APExtensions/Abstractions (4.4.2)
  - APExtensions/Core (4.4.2)
  - APExtensions/Storyboard (4.4.2)
  - APExtensions/ViewConfiguration (4.4.2)
  - APExtensions/ViewState (4.4.2)
  - FBSnapshotTestCase (2.1.4):
    - FBSnapshotTestCase/SwiftSupport (= 2.1.4)
  - FBSnapshotTestCase/Core (2.1.4)
  - FBSnapshotTestCase/SwiftSupport (2.1.4):
    - FBSnapshotTestCase/Core
  - KeyboardAvoidingView (2.0.0)
  - Nimble (7.0.1)
  - Nimble-Snapshots (6.0.0):
    - Nimble-Snapshots/Core (= 6.0.0)
  - Nimble-Snapshots/Core (6.0.0):
    - FBSnapshotTestCase (~> 2.0)
    - Nimble (~> 7.0)
  - Quick (1.1.0)

DEPENDENCIES:
  - APExtensions
  - FBSnapshotTestCase
  - KeyboardAvoidingView (from `../`)
  - Nimble
  - Nimble-Snapshots
  - Quick

EXTERNAL SOURCES:
  KeyboardAvoidingView:
    :path: ../

SPEC CHECKSUMS:
  APExtensions: fe31373aa792e3c2d2bf3e7043132445497535f8
  FBSnapshotTestCase: 094f9f314decbabe373b87cc339bea235a63e07a
  KeyboardAvoidingView: b75d8b64dcaeb06419fad50651685b0840567f6d
  Nimble: 657d000e11df8aebe27cdaf9d244de7f30ed87f7
  Nimble-Snapshots: 760c29e4ea1297560953c13421553d1a8d6bbdf6
  Quick: dafc587e21eed9f4cab3249b9f9015b0b7a7f71d

PODFILE CHECKSUM: 3d2c5450286919c2f800d46a89d78cb39317d9c5

COCOAPODS: 1.4.0
