PODS:
  - APExtensions (10.1.6):
    - APExtensions/Core (= 10.1.6)
    - APExtensions/Storyboard (= 10.1.6)
    - APExtensions/ViewConfiguration (= 10.1.6)
  - APExtensions/Core (10.1.6):
    - RoutableLogger
  - APExtensions/Storyboard (10.1.6)
  - APExtensions/ViewConfiguration (10.1.6)
  - KeyboardAvoidingView (5.2.0):
    - ViewState (>= 1.2.1)
  - Nimble (9.2.1)
  - Quick (4.0.0)
  - RoutableLogger (9.1.12)
  - ViewState (1.2.3):
    - RoutableLogger (>= 9.1.11)

DEPENDENCIES:
  - APExtensions (from `https://github.com/APUtils/APExtensions`)
  - KeyboardAvoidingView (from `../`)
  - Nimble
  - Quick

SPEC REPOS:
  trunk:
    - Nimble
    - Quick
    - RoutableLogger
    - ViewState

EXTERNAL SOURCES:
  APExtensions:
    :git: https://github.com/APUtils/APExtensions
  KeyboardAvoidingView:
    :path: "../"

CHECKOUT OPTIONS:
  APExtensions:
    :commit: 085a41c04626378c75bc5d4887784121465adc9c
    :git: https://github.com/APUtils/APExtensions

SPEC CHECKSUMS:
  APExtensions: 63f9f31f09a8b43a52c2207774568756e3bd489f
  KeyboardAvoidingView: acc530b2435bba760b2270e722cb7132cf1c4d31
  Nimble: e7e615c0335ee4bf5b0d786685451e62746117d5
  Quick: 6473349e43b9271a8d43839d9ba1c442ed1b7ac4
  RoutableLogger: 9ad367e9a79df59c3cf5a1707ba9598ffbae8784
  ViewState: d6492d0434d2ee6013c270c1431dbe73cc895b75

PODFILE CHECKSUM: 36c7bd245cded09aecd4b5c9a3e7a67aa641a35d

COCOAPODS: 1.11.2
